
Microsoft Visual Studio Solution File, Format Version 12.00
# Visual Studio 14
VisualStudioVersion = 14.0.25123.0
MinimumVisualStudioVersion = 10.0.40219.1
Project("{FAE04EC0-301F-11D3-BF4B-00C04F79EFBC}") = "XamarinFormsDemos.Droid", "XamarinFormsDemos\XamarinFormsDemos.Droid\XamarinFormsDemos.Droid.csproj", "{0CA95246-60DF-402C-8C08-1DC1F5306F55}"
EndProject
Project("{FAE04EC0-301F-11D3-BF4B-00C04F79EFBC}") = "XamarinFormsDemos.iOS", "XamarinFormsDemos\XamarinFormsDemos.iOS\XamarinFormsDemos.iOS.csproj", "{D209273A-0D44-48DD-A8D8-7F682A52DE75}"
EndProject
Project("{FAE04EC0-301F-11D3-BF4B-00C04F79EFBC}") = "XamarinFormsDemos.UWP", "XamarinFormsDemos\XamarinFormsDemos.UWP\XamarinFormsDemos.UWP.csproj", "{25E0D3F6-B5E0-4164-B555-59FD7FA6B979}"
EndProject
Project("{FAE04EC0-301F-11D3-BF4B-00C04F79EFBC}") = "XamarinFormsDemos", "XamarinFormsDemos\XamarinFormsDemos\XamarinFormsDemos.csproj", "{06E7A4C5-4258-4DAC-AB1D-FC2FF5CF8D78}"
EndProject
Project("{FAE04EC0-301F-11D3-BF4B-00C04F79EFBC}") = "Wortell.XamarinForms", "Wortell.XamarinForms\Wortell.XamarinForms.csproj", "{67F9D3A8-F71E-4428-913F-C37AE82CDB24}"
EndProject
Project("{FAE04EC0-301F-11D3-BF4B-00C04F79EFBC}") = "DemoViewFramework", "DemoViewFramework\DemoViewFramework.csproj", "{BA61DCC9-199D-49B6-9F33-A55D2618020F}"
EndProject
Global
	GlobalSection(SolutionConfigurationPlatforms) = preSolution
		Ad-Hoc|Any CPU = Ad-Hoc|Any CPU
		Ad-Hoc|ARM = Ad-Hoc|ARM
		Ad-Hoc|iPhone = Ad-Hoc|iPhone
		Ad-Hoc|iPhoneSimulator = Ad-Hoc|iPhoneSimulator
		Ad-Hoc|x64 = Ad-Hoc|x64
		Ad-Hoc|x86 = Ad-Hoc|x86
		AppStore|Any CPU = AppStore|Any CPU
		AppStore|ARM = AppStore|ARM
		AppStore|iPhone = AppStore|iPhone
		AppStore|iPhoneSimulator = AppStore|iPhoneSimulator
		AppStore|x64 = AppStore|x64
		AppStore|x86 = AppStore|x86
		Debug|Any CPU = Debug|Any CPU
		Debug|ARM = Debug|ARM
		Debug|iPhone = Debug|iPhone
		Debug|iPhoneSimulator = Debug|iPhoneSimulator
		Debug|x64 = Debug|x64
		Debug|x86 = Debug|x86
		Release|Any CPU = Release|Any CPU
		Release|ARM = Release|ARM
		Release|iPhone = Release|iPhone
		Release|iPhoneSimulator = Release|iPhoneSimulator
		Release|x64 = Release|x64
		Release|x86 = Release|x86
	EndGlobalSection
	GlobalSection(ProjectConfigurationPlatforms) = postSolution
		{0CA95246-60DF-402C-8C08-1DC1F5306F55}.Ad-Hoc|Any CPU.ActiveCfg = Release|Any CPU
		{0CA95246-60DF-402C-8C08-1DC1F5306F55}.Ad-Hoc|Any CPU.Build.0 = Release|Any CPU
		{0CA95246-60DF-402C-8C08-1DC1F5306F55}.Ad-Hoc|Any CPU.Deploy.0 = Release|Any CPU
		{0CA95246-60DF-402C-8C08-1DC1F5306F55}.Ad-Hoc|ARM.ActiveCfg = Release|Any CPU
		{0CA95246-60DF-402C-8C08-1DC1F5306F55}.Ad-Hoc|ARM.Build.0 = Release|Any CPU
		{0CA95246-60DF-402C-8C08-1DC1F5306F55}.Ad-Hoc|ARM.Deploy.0 = Release|Any CPU
		{0CA95246-60DF-402C-8C08-1DC1F5306F55}.Ad-Hoc|iPhone.ActiveCfg = Release|Any CPU
		{0CA95246-60DF-402C-8C08-1DC1F5306F55}.Ad-Hoc|iPhone.Build.0 = Release|Any CPU
		{0CA95246-60DF-402C-8C08-1DC1F5306F55}.Ad-Hoc|iPhone.Deploy.0 = Release|Any CPU
		{0CA95246-60DF-402C-8C08-1DC1F5306F55}.Ad-Hoc|iPhoneSimulator.ActiveCfg = Release|Any CPU
		{0CA95246-60DF-402C-8C08-1DC1F5306F55}.Ad-Hoc|iPhoneSimulator.Build.0 = Release|Any CPU
		{0CA95246-60DF-402C-8C08-1DC1F5306F55}.Ad-Hoc|iPhoneSimulator.Deploy.0 = Release|Any CPU
		{0CA95246-60DF-402C-8C08-1DC1F5306F55}.Ad-Hoc|x64.ActiveCfg = Release|Any CPU
		{0CA95246-60DF-402C-8C08-1DC1F5306F55}.Ad-Hoc|x64.Build.0 = Release|Any CPU
		{0CA95246-60DF-402C-8C08-1DC1F5306F55}.Ad-Hoc|x64.Deploy.0 = Release|Any CPU
		{0CA95246-60DF-402C-8C08-1DC1F5306F55}.Ad-Hoc|x86.ActiveCfg = Release|Any CPU
		{0CA95246-60DF-402C-8C08-1DC1F5306F55}.Ad-Hoc|x86.Build.0 = Release|Any CPU
		{0CA95246-60DF-402C-8C08-1DC1F5306F55}.Ad-Hoc|x86.Deploy.0 = Release|Any CPU
		{0CA95246-60DF-402C-8C08-1DC1F5306F55}.AppStore|Any CPU.ActiveCfg = Release|Any CPU
		{0CA95246-60DF-402C-8C08-1DC1F5306F55}.AppStore|Any CPU.Build.0 = Release|Any CPU
		{0CA95246-60DF-402C-8C08-1DC1F5306F55}.AppStore|Any CPU.Deploy.0 = Release|Any CPU
		{0CA95246-60DF-402C-8C08-1DC1F5306F55}.AppStore|ARM.ActiveCfg = Release|Any CPU
		{0CA95246-60DF-402C-8C08-1DC1F5306F55}.AppStore|ARM.Build.0 = Release|Any CPU
		{0CA95246-60DF-402C-8C08-1DC1F5306F55}.AppStore|ARM.Deploy.0 = Release|Any CPU
		{0CA95246-60DF-402C-8C08-1DC1F5306F55}.AppStore|iPhone.ActiveCfg = Release|Any CPU
		{0CA95246-60DF-402C-8C08-1DC1F5306F55}.AppStore|iPhone.Build.0 = Release|Any CPU
		{0CA95246-60DF-402C-8C08-1DC1F5306F55}.AppStore|iPhone.Deploy.0 = Release|Any CPU
		{0CA95246-60DF-402C-8C08-1DC1F5306F55}.AppStore|iPhoneSimulator.ActiveCfg = Release|Any CPU
		{0CA95246-60DF-402C-8C08-1DC1F5306F55}.AppStore|iPhoneSimulator.Build.0 = Release|Any CPU
		{0CA95246-60DF-402C-8C08-1DC1F5306F55}.AppStore|iPhoneSimulator.Deploy.0 = Release|Any CPU
		{0CA95246-60DF-402C-8C08-1DC1F5306F55}.AppStore|x64.ActiveCfg = Release|Any CPU
		{0CA95246-60DF-402C-8C08-1DC1F5306F55}.AppStore|x64.Build.0 = Release|Any CPU
		{0CA95246-60DF-402C-8C08-1DC1F5306F55}.AppStore|x64.Deploy.0 = Release|Any CPU
		{0CA95246-60DF-402C-8C08-1DC1F5306F55}.AppStore|x86.ActiveCfg = Release|Any CPU
		{0CA95246-60DF-402C-8C08-1DC1F5306F55}.AppStore|x86.Build.0 = Release|Any CPU
		{0CA95246-60DF-402C-8C08-1DC1F5306F55}.AppStore|x86.Deploy.0 = Release|Any CPU
		{0CA95246-60DF-402C-8C08-1DC1F5306F55}.Debug|Any CPU.ActiveCfg = Debug|Any CPU
		{0CA95246-60DF-402C-8C08-1DC1F5306F55}.Debug|Any CPU.Deploy.0 = Debug|Any CPU
		{0CA95246-60DF-402C-8C08-1DC1F5306F55}.Debug|ARM.ActiveCfg = Debug|Any CPU
		{0CA95246-60DF-402C-8C08-1DC1F5306F55}.Debug|ARM.Build.0 = Debug|Any CPU
		{0CA95246-60DF-402C-8C08-1DC1F5306F55}.Debug|ARM.Deploy.0 = Debug|Any CPU
		{0CA95246-60DF-402C-8C08-1DC1F5306F55}.Debug|iPhone.ActiveCfg = Debug|Any CPU
		{0CA95246-60DF-402C-8C08-1DC1F5306F55}.Debug|iPhone.Build.0 = Debug|Any CPU
		{0CA95246-60DF-402C-8C08-1DC1F5306F55}.Debug|iPhone.Deploy.0 = Debug|Any CPU
		{0CA95246-60DF-402C-8C08-1DC1F5306F55}.Debug|iPhoneSimulator.ActiveCfg = Debug|Any CPU
		{0CA95246-60DF-402C-8C08-1DC1F5306F55}.Debug|iPhoneSimulator.Build.0 = Debug|Any CPU
		{0CA95246-60DF-402C-8C08-1DC1F5306F55}.Debug|iPhoneSimulator.Deploy.0 = Debug|Any CPU
		{0CA95246-60DF-402C-8C08-1DC1F5306F55}.Debug|x64.ActiveCfg = Debug|Any CPU
		{0CA95246-60DF-402C-8C08-1DC1F5306F55}.Debug|x64.Build.0 = Debug|Any CPU
		{0CA95246-60DF-402C-8C08-1DC1F5306F55}.Debug|x64.Deploy.0 = Debug|Any CPU
		{0CA95246-60DF-402C-8C08-1DC1F5306F55}.Debug|x86.ActiveCfg = Debug|Any CPU
		{0CA95246-60DF-402C-8C08-1DC1F5306F55}.Debug|x86.Build.0 = Debug|Any CPU
		{0CA95246-60DF-402C-8C08-1DC1F5306F55}.Debug|x86.Deploy.0 = Debug|Any CPU
		{0CA95246-60DF-402C-8C08-1DC1F5306F55}.Release|Any CPU.ActiveCfg = Release|Any CPU
		{0CA95246-60DF-402C-8C08-1DC1F5306F55}.Release|Any CPU.Build.0 = Release|Any CPU
		{0CA95246-60DF-402C-8C08-1DC1F5306F55}.Release|Any CPU.Deploy.0 = Release|Any CPU
		{0CA95246-60DF-402C-8C08-1DC1F5306F55}.Release|ARM.ActiveCfg = Release|Any CPU
		{0CA95246-60DF-402C-8C08-1DC1F5306F55}.Release|ARM.Build.0 = Release|Any CPU
		{0CA95246-60DF-402C-8C08-1DC1F5306F55}.Release|ARM.Deploy.0 = Release|Any CPU
		{0CA95246-60DF-402C-8C08-1DC1F5306F55}.Release|iPhone.ActiveCfg = Release|Any CPU
		{0CA95246-60DF-402C-8C08-1DC1F5306F55}.Release|iPhone.Build.0 = Release|Any CPU
		{0CA95246-60DF-402C-8C08-1DC1F5306F55}.Release|iPhone.Deploy.0 = Release|Any CPU
		{0CA95246-60DF-402C-8C08-1DC1F5306F55}.Release|iPhoneSimulator.ActiveCfg = Release|Any CPU
		{0CA95246-60DF-402C-8C08-1DC1F5306F55}.Release|iPhoneSimulator.Build.0 = Release|Any CPU
		{0CA95246-60DF-402C-8C08-1DC1F5306F55}.Release|iPhoneSimulator.Deploy.0 = Release|Any CPU
		{0CA95246-60DF-402C-8C08-1DC1F5306F55}.Release|x64.ActiveCfg = Release|Any CPU
		{0CA95246-60DF-402C-8C08-1DC1F5306F55}.Release|x64.Build.0 = Release|Any CPU
		{0CA95246-60DF-402C-8C08-1DC1F5306F55}.Release|x64.Deploy.0 = Release|Any CPU
		{0CA95246-60DF-402C-8C08-1DC1F5306F55}.Release|x86.ActiveCfg = Release|Any CPU
		{0CA95246-60DF-402C-8C08-1DC1F5306F55}.Release|x86.Build.0 = Release|Any CPU
		{0CA95246-60DF-402C-8C08-1DC1F5306F55}.Release|x86.Deploy.0 = Release|Any CPU
		{D209273A-0D44-48DD-A8D8-7F682A52DE75}.Ad-Hoc|Any CPU.ActiveCfg = Ad-Hoc|iPhone
		{D209273A-0D44-48DD-A8D8-7F682A52DE75}.Ad-Hoc|ARM.ActiveCfg = Ad-Hoc|iPhone
		{D209273A-0D44-48DD-A8D8-7F682A52DE75}.Ad-Hoc|iPhone.ActiveCfg = Ad-Hoc|iPhone
		{D209273A-0D44-48DD-A8D8-7F682A52DE75}.Ad-Hoc|iPhone.Build.0 = Ad-Hoc|iPhone
		{D209273A-0D44-48DD-A8D8-7F682A52DE75}.Ad-Hoc|iPhoneSimulator.ActiveCfg = Ad-Hoc|iPhoneSimulator
		{D209273A-0D44-48DD-A8D8-7F682A52DE75}.Ad-Hoc|iPhoneSimulator.Build.0 = Ad-Hoc|iPhoneSimulator
		{D209273A-0D44-48DD-A8D8-7F682A52DE75}.Ad-Hoc|x64.ActiveCfg = Ad-Hoc|iPhone
		{D209273A-0D44-48DD-A8D8-7F682A52DE75}.Ad-Hoc|x86.ActiveCfg = Ad-Hoc|iPhone
		{D209273A-0D44-48DD-A8D8-7F682A52DE75}.AppStore|Any CPU.ActiveCfg = AppStore|iPhone
		{D209273A-0D44-48DD-A8D8-7F682A52DE75}.AppStore|ARM.ActiveCfg = AppStore|iPhone
		{D209273A-0D44-48DD-A8D8-7F682A52DE75}.AppStore|iPhone.ActiveCfg = AppStore|iPhone
		{D209273A-0D44-48DD-A8D8-7F682A52DE75}.AppStore|iPhone.Build.0 = AppStore|iPhone
		{D209273A-0D44-48DD-A8D8-7F682A52DE75}.AppStore|iPhoneSimulator.ActiveCfg = AppStore|iPhoneSimulator
		{D209273A-0D44-48DD-A8D8-7F682A52DE75}.AppStore|iPhoneSimulator.Build.0 = AppStore|iPhoneSimulator
		{D209273A-0D44-48DD-A8D8-7F682A52DE75}.AppStore|x64.ActiveCfg = AppStore|iPhone
		{D209273A-0D44-48DD-A8D8-7F682A52DE75}.AppStore|x86.ActiveCfg = AppStore|iPhone
		{D209273A-0D44-48DD-A8D8-7F682A52DE75}.Debug|Any CPU.ActiveCfg = Debug|iPhone
		{D209273A-0D44-48DD-A8D8-7F682A52DE75}.Debug|Any CPU.Deploy.0 = Debug|iPhone
		{D209273A-0D44-48DD-A8D8-7F682A52DE75}.Debug|ARM.ActiveCfg = Debug|iPhone
		{D209273A-0D44-48DD-A8D8-7F682A52DE75}.Debug|iPhone.ActiveCfg = Debug|iPhone
		{D209273A-0D44-48DD-A8D8-7F682A52DE75}.Debug|iPhone.Build.0 = Debug|iPhone
		{D209273A-0D44-48DD-A8D8-7F682A52DE75}.Debug|iPhoneSimulator.ActiveCfg = Debug|iPhoneSimulator
		{D209273A-0D44-48DD-A8D8-7F682A52DE75}.Debug|iPhoneSimulator.Build.0 = Debug|iPhoneSimulator
		{D209273A-0D44-48DD-A8D8-7F682A52DE75}.Debug|x64.ActiveCfg = Debug|iPhone
		{D209273A-0D44-48DD-A8D8-7F682A52DE75}.Debug|x86.ActiveCfg = Debug|iPhone
		{D209273A-0D44-48DD-A8D8-7F682A52DE75}.Release|Any CPU.ActiveCfg = Release|iPhone
		{D209273A-0D44-48DD-A8D8-7F682A52DE75}.Release|ARM.ActiveCfg = Release|iPhone
		{D209273A-0D44-48DD-A8D8-7F682A52DE75}.Release|iPhone.ActiveCfg = Release|iPhone
		{D209273A-0D44-48DD-A8D8-7F682A52DE75}.Release|iPhone.Build.0 = Release|iPhone
		{D209273A-0D44-48DD-A8D8-7F682A52DE75}.Release|iPhoneSimulator.ActiveCfg = Release|iPhoneSimulator
		{D209273A-0D44-48DD-A8D8-7F682A52DE75}.Release|iPhoneSimulator.Build.0 = Release|iPhoneSimulator
		{D209273A-0D44-48DD-A8D8-7F682A52DE75}.Release|x64.ActiveCfg = Release|iPhone
		{D209273A-0D44-48DD-A8D8-7F682A52DE75}.Release|x86.ActiveCfg = Release|iPhone
		{25E0D3F6-B5E0-4164-B555-59FD7FA6B979}.Ad-Hoc|Any CPU.ActiveCfg = Release|x86
		{25E0D3F6-B5E0-4164-B555-59FD7FA6B979}.Ad-Hoc|Any CPU.Build.0 = Release|x86
		{25E0D3F6-B5E0-4164-B555-59FD7FA6B979}.Ad-Hoc|Any CPU.Deploy.0 = Release|x86
		{25E0D3F6-B5E0-4164-B555-59FD7FA6B979}.Ad-Hoc|ARM.ActiveCfg = Release|ARM
		{25E0D3F6-B5E0-4164-B555-59FD7FA6B979}.Ad-Hoc|ARM.Build.0 = Release|ARM
		{25E0D3F6-B5E0-4164-B555-59FD7FA6B979}.Ad-Hoc|ARM.Deploy.0 = Release|ARM
		{25E0D3F6-B5E0-4164-B555-59FD7FA6B979}.Ad-Hoc|iPhone.ActiveCfg = Release|x86
		{25E0D3F6-B5E0-4164-B555-59FD7FA6B979}.Ad-Hoc|iPhone.Build.0 = Release|x86
		{25E0D3F6-B5E0-4164-B555-59FD7FA6B979}.Ad-Hoc|iPhone.Deploy.0 = Release|x86
		{25E0D3F6-B5E0-4164-B555-59FD7FA6B979}.Ad-Hoc|iPhoneSimulator.ActiveCfg = Release|x86
		{25E0D3F6-B5E0-4164-B555-59FD7FA6B979}.Ad-Hoc|iPhoneSimulator.Build.0 = Release|x86
		{25E0D3F6-B5E0-4164-B555-59FD7FA6B979}.Ad-Hoc|iPhoneSimulator.Deploy.0 = Release|x86
		{25E0D3F6-B5E0-4164-B555-59FD7FA6B979}.Ad-Hoc|x64.ActiveCfg = Release|x64
		{25E0D3F6-B5E0-4164-B555-59FD7FA6B979}.Ad-Hoc|x64.Build.0 = Release|x64
		{25E0D3F6-B5E0-4164-B555-59FD7FA6B979}.Ad-Hoc|x64.Deploy.0 = Release|x64
		{25E0D3F6-B5E0-4164-B555-59FD7FA6B979}.Ad-Hoc|x86.ActiveCfg = Release|x86
		{25E0D3F6-B5E0-4164-B555-59FD7FA6B979}.Ad-Hoc|x86.Build.0 = Release|x86
		{25E0D3F6-B5E0-4164-B555-59FD7FA6B979}.Ad-Hoc|x86.Deploy.0 = Release|x86
		{25E0D3F6-B5E0-4164-B555-59FD7FA6B979}.AppStore|Any CPU.ActiveCfg = Release|x86
		{25E0D3F6-B5E0-4164-B555-59FD7FA6B979}.AppStore|Any CPU.Build.0 = Release|x86
		{25E0D3F6-B5E0-4164-B555-59FD7FA6B979}.AppStore|Any CPU.Deploy.0 = Release|x86
		{25E0D3F6-B5E0-4164-B555-59FD7FA6B979}.AppStore|ARM.ActiveCfg = Release|ARM
		{25E0D3F6-B5E0-4164-B555-59FD7FA6B979}.AppStore|ARM.Build.0 = Release|ARM
		{25E0D3F6-B5E0-4164-B555-59FD7FA6B979}.AppStore|ARM.Deploy.0 = Release|ARM
		{25E0D3F6-B5E0-4164-B555-59FD7FA6B979}.AppStore|iPhone.ActiveCfg = Release|x86
		{25E0D3F6-B5E0-4164-B555-59FD7FA6B979}.AppStore|iPhone.Build.0 = Release|x86
		{25E0D3F6-B5E0-4164-B555-59FD7FA6B979}.AppStore|iPhone.Deploy.0 = Release|x86
		{25E0D3F6-B5E0-4164-B555-59FD7FA6B979}.AppStore|iPhoneSimulator.ActiveCfg = Release|x86
		{25E0D3F6-B5E0-4164-B555-59FD7FA6B979}.AppStore|iPhoneSimulator.Build.0 = Release|x86
		{25E0D3F6-B5E0-4164-B555-59FD7FA6B979}.AppStore|iPhoneSimulator.Deploy.0 = Release|x86
		{25E0D3F6-B5E0-4164-B555-59FD7FA6B979}.AppStore|x64.ActiveCfg = Release|x64
		{25E0D3F6-B5E0-4164-B555-59FD7FA6B979}.AppStore|x64.Build.0 = Release|x64
		{25E0D3F6-B5E0-4164-B555-59FD7FA6B979}.AppStore|x64.Deploy.0 = Release|x64
		{25E0D3F6-B5E0-4164-B555-59FD7FA6B979}.AppStore|x86.ActiveCfg = Release|x86
		{25E0D3F6-B5E0-4164-B555-59FD7FA6B979}.AppStore|x86.Build.0 = Release|x86
		{25E0D3F6-B5E0-4164-B555-59FD7FA6B979}.AppStore|x86.Deploy.0 = Release|x86
		{25E0D3F6-B5E0-4164-B555-59FD7FA6B979}.Debug|Any CPU.ActiveCfg = Debug|x86
		{25E0D3F6-B5E0-4164-B555-59FD7FA6B979}.Debug|Any CPU.Build.0 = Debug|x86
		{25E0D3F6-B5E0-4164-B555-59FD7FA6B979}.Debug|Any CPU.Deploy.0 = Debug|x86
		{25E0D3F6-B5E0-4164-B555-59FD7FA6B979}.Debug|ARM.ActiveCfg = Debug|ARM
		{25E0D3F6-B5E0-4164-B555-59FD7FA6B979}.Debug|ARM.Build.0 = Debug|ARM
		{25E0D3F6-B5E0-4164-B555-59FD7FA6B979}.Debug|ARM.Deploy.0 = Debug|ARM
		{25E0D3F6-B5E0-4164-B555-59FD7FA6B979}.Debug|iPhone.ActiveCfg = Debug|x86
		{25E0D3F6-B5E0-4164-B555-59FD7FA6B979}.Debug|iPhoneSimulator.ActiveCfg = Debug|x86
		{25E0D3F6-B5E0-4164-B555-59FD7FA6B979}.Debug|x64.ActiveCfg = Debug|x64
		{25E0D3F6-B5E0-4164-B555-59FD7FA6B979}.Debug|x64.Build.0 = Debug|x64
		{25E0D3F6-B5E0-4164-B555-59FD7FA6B979}.Debug|x64.Deploy.0 = Debug|x64
		{25E0D3F6-B5E0-4164-B555-59FD7FA6B979}.Debug|x86.ActiveCfg = Debug|x86
		{25E0D3F6-B5E0-4164-B555-59FD7FA6B979}.Debug|x86.Build.0 = Debug|x86
		{25E0D3F6-B5E0-4164-B555-59FD7FA6B979}.Debug|x86.Deploy.0 = Debug|x86
		{25E0D3F6-B5E0-4164-B555-59FD7FA6B979}.Release|Any CPU.ActiveCfg = Release|x86
		{25E0D3F6-B5E0-4164-B555-59FD7FA6B979}.Release|ARM.ActiveCfg = Release|ARM
		{25E0D3F6-B5E0-4164-B555-59FD7FA6B979}.Release|ARM.Build.0 = Release|ARM
		{25E0D3F6-B5E0-4164-B555-59FD7FA6B979}.Release|ARM.Deploy.0 = Release|ARM
		{25E0D3F6-B5E0-4164-B555-59FD7FA6B979}.Release|iPhone.ActiveCfg = Release|x86
		{25E0D3F6-B5E0-4164-B555-59FD7FA6B979}.Release|iPhoneSimulator.ActiveCfg = Release|x86
		{25E0D3F6-B5E0-4164-B555-59FD7FA6B979}.Release|x64.ActiveCfg = Release|x64
		{25E0D3F6-B5E0-4164-B555-59FD7FA6B979}.Release|x64.Build.0 = Release|x64
		{25E0D3F6-B5E0-4164-B555-59FD7FA6B979}.Release|x64.Deploy.0 = Release|x64
		{25E0D3F6-B5E0-4164-B555-59FD7FA6B979}.Release|x86.ActiveCfg = Release|x86
		{25E0D3F6-B5E0-4164-B555-59FD7FA6B979}.Release|x86.Build.0 = Release|x86
		{25E0D3F6-B5E0-4164-B555-59FD7FA6B979}.Release|x86.Deploy.0 = Release|x86
		{06E7A4C5-4258-4DAC-AB1D-FC2FF5CF8D78}.Ad-Hoc|Any CPU.ActiveCfg = Release|Any CPU
		{06E7A4C5-4258-4DAC-AB1D-FC2FF5CF8D78}.Ad-Hoc|Any CPU.Build.0 = Release|Any CPU
		{06E7A4C5-4258-4DAC-AB1D-FC2FF5CF8D78}.Ad-Hoc|ARM.ActiveCfg = Release|Any CPU
		{06E7A4C5-4258-4DAC-AB1D-FC2FF5CF8D78}.Ad-Hoc|ARM.Build.0 = Release|Any CPU
		{06E7A4C5-4258-4DAC-AB1D-FC2FF5CF8D78}.Ad-Hoc|iPhone.ActiveCfg = Release|Any CPU
		{06E7A4C5-4258-4DAC-AB1D-FC2FF5CF8D78}.Ad-Hoc|iPhone.Build.0 = Release|Any CPU
		{06E7A4C5-4258-4DAC-AB1D-FC2FF5CF8D78}.Ad-Hoc|iPhoneSimulator.ActiveCfg = Release|Any CPU
		{06E7A4C5-4258-4DAC-AB1D-FC2FF5CF8D78}.Ad-Hoc|iPhoneSimulator.Build.0 = Release|Any CPU
		{06E7A4C5-4258-4DAC-AB1D-FC2FF5CF8D78}.Ad-Hoc|x64.ActiveCfg = Release|Any CPU
		{06E7A4C5-4258-4DAC-AB1D-FC2FF5CF8D78}.Ad-Hoc|x64.Build.0 = Release|Any CPU
		{06E7A4C5-4258-4DAC-AB1D-FC2FF5CF8D78}.Ad-Hoc|x86.ActiveCfg = Release|Any CPU
		{06E7A4C5-4258-4DAC-AB1D-FC2FF5CF8D78}.Ad-Hoc|x86.Build.0 = Release|Any CPU
		{06E7A4C5-4258-4DAC-AB1D-FC2FF5CF8D78}.AppStore|Any CPU.ActiveCfg = Release|Any CPU
		{06E7A4C5-4258-4DAC-AB1D-FC2FF5CF8D78}.AppStore|Any CPU.Build.0 = Release|Any CPU
		{06E7A4C5-4258-4DAC-AB1D-FC2FF5CF8D78}.AppStore|ARM.ActiveCfg = Release|Any CPU
		{06E7A4C5-4258-4DAC-AB1D-FC2FF5CF8D78}.AppStore|ARM.Build.0 = Release|Any CPU
		{06E7A4C5-4258-4DAC-AB1D-FC2FF5CF8D78}.AppStore|iPhone.ActiveCfg = Release|Any CPU
		{06E7A4C5-4258-4DAC-AB1D-FC2FF5CF8D78}.AppStore|iPhone.Build.0 = Release|Any CPU
		{06E7A4C5-4258-4DAC-AB1D-FC2FF5CF8D78}.AppStore|iPhoneSimulator.ActiveCfg = Release|Any CPU
		{06E7A4C5-4258-4DAC-AB1D-FC2FF5CF8D78}.AppStore|iPhoneSimulator.Build.0 = Release|Any CPU
		{06E7A4C5-4258-4DAC-AB1D-FC2FF5CF8D78}.AppStore|x64.ActiveCfg = Release|Any CPU
		{06E7A4C5-4258-4DAC-AB1D-FC2FF5CF8D78}.AppStore|x64.Build.0 = Release|Any CPU
		{06E7A4C5-4258-4DAC-AB1D-FC2FF5CF8D78}.AppStore|x86.ActiveCfg = Release|Any CPU
		{06E7A4C5-4258-4DAC-AB1D-FC2FF5CF8D78}.AppStore|x86.Build.0 = Release|Any CPU
		{06E7A4C5-4258-4DAC-AB1D-FC2FF5CF8D78}.Debug|Any CPU.ActiveCfg = Debug|Any CPU
		{06E7A4C5-4258-4DAC-AB1D-FC2FF5CF8D78}.Debug|Any CPU.Build.0 = Debug|Any CPU
		{06E7A4C5-4258-4DAC-AB1D-FC2FF5CF8D78}.Debug|ARM.ActiveCfg = Debug|Any CPU
		{06E7A4C5-4258-4DAC-AB1D-FC2FF5CF8D78}.Debug|ARM.Build.0 = Debug|Any CPU
		{06E7A4C5-4258-4DAC-AB1D-FC2FF5CF8D78}.Debug|iPhone.ActiveCfg = Debug|Any CPU
		{06E7A4C5-4258-4DAC-AB1D-FC2FF5CF8D78}.Debug|iPhone.Build.0 = Debug|Any CPU
		{06E7A4C5-4258-4DAC-AB1D-FC2FF5CF8D78}.Debug|iPhoneSimulator.ActiveCfg = Debug|Any CPU
		{06E7A4C5-4258-4DAC-AB1D-FC2FF5CF8D78}.Debug|iPhoneSimulator.Build.0 = Debug|Any CPU
		{06E7A4C5-4258-4DAC-AB1D-FC2FF5CF8D78}.Debug|x64.ActiveCfg = Debug|Any CPU
		{06E7A4C5-4258-4DAC-AB1D-FC2FF5CF8D78}.Debug|x64.Build.0 = Debug|Any CPU
		{06E7A4C5-4258-4DAC-AB1D-FC2FF5CF8D78}.Debug|x86.ActiveCfg = Debug|Any CPU
		{06E7A4C5-4258-4DAC-AB1D-FC2FF5CF8D78}.Debug|x86.Build.0 = Debug|Any CPU
		{06E7A4C5-4258-4DAC-AB1D-FC2FF5CF8D78}.Release|Any CPU.ActiveCfg = Release|Any CPU
		{06E7A4C5-4258-4DAC-AB1D-FC2FF5CF8D78}.Release|Any CPU.Build.0 = Release|Any CPU
		{06E7A4C5-4258-4DAC-AB1D-FC2FF5CF8D78}.Release|ARM.ActiveCfg = Release|Any CPU
		{06E7A4C5-4258-4DAC-AB1D-FC2FF5CF8D78}.Release|ARM.Build.0 = Release|Any CPU
		{06E7A4C5-4258-4DAC-AB1D-FC2FF5CF8D78}.Release|iPhone.ActiveCfg = Release|Any CPU
		{06E7A4C5-4258-4DAC-AB1D-FC2FF5CF8D78}.Release|iPhone.Build.0 = Release|Any CPU
		{06E7A4C5-4258-4DAC-AB1D-FC2FF5CF8D78}.Release|iPhoneSimulator.ActiveCfg = Release|Any CPU
		{06E7A4C5-4258-4DAC-AB1D-FC2FF5CF8D78}.Release|iPhoneSimulator.Build.0 = Release|Any CPU
		{06E7A4C5-4258-4DAC-AB1D-FC2FF5CF8D78}.Release|x64.ActiveCfg = Release|Any CPU
		{06E7A4C5-4258-4DAC-AB1D-FC2FF5CF8D78}.Release|x64.Build.0 = Release|Any CPU
		{06E7A4C5-4258-4DAC-AB1D-FC2FF5CF8D78}.Release|x86.ActiveCfg = Release|Any CPU
		{06E7A4C5-4258-4DAC-AB1D-FC2FF5CF8D78}.Release|x86.Build.0 = Release|Any CPU
		{67F9D3A8-F71E-4428-913F-C37AE82CDB24}.Ad-Hoc|Any CPU.ActiveCfg = Release|Any CPU
		{67F9D3A8-F71E-4428-913F-C37AE82CDB24}.Ad-Hoc|Any CPU.Build.0 = Release|Any CPU
		{67F9D3A8-F71E-4428-913F-C37AE82CDB24}.Ad-Hoc|ARM.ActiveCfg = Release|Any CPU
		{67F9D3A8-F71E-4428-913F-C37AE82CDB24}.Ad-Hoc|ARM.Build.0 = Release|Any CPU
		{67F9D3A8-F71E-4428-913F-C37AE82CDB24}.Ad-Hoc|iPhone.ActiveCfg = Release|Any CPU
		{67F9D3A8-F71E-4428-913F-C37AE82CDB24}.Ad-Hoc|iPhone.Build.0 = Release|Any CPU
		{67F9D3A8-F71E-4428-913F-C37AE82CDB24}.Ad-Hoc|iPhoneSimulator.ActiveCfg = Release|Any CPU
		{67F9D3A8-F71E-4428-913F-C37AE82CDB24}.Ad-Hoc|iPhoneSimulator.Build.0 = Release|Any CPU
		{67F9D3A8-F71E-4428-913F-C37AE82CDB24}.Ad-Hoc|x64.ActiveCfg = Release|Any CPU
		{67F9D3A8-F71E-4428-913F-C37AE82CDB24}.Ad-Hoc|x64.Build.0 = Release|Any CPU
		{67F9D3A8-F71E-4428-913F-C37AE82CDB24}.Ad-Hoc|x86.ActiveCfg = Release|Any CPU
		{67F9D3A8-F71E-4428-913F-C37AE82CDB24}.Ad-Hoc|x86.Build.0 = Release|Any CPU
		{67F9D3A8-F71E-4428-913F-C37AE82CDB24}.AppStore|Any CPU.ActiveCfg = Release|Any CPU
		{67F9D3A8-F71E-4428-913F-C37AE82CDB24}.AppStore|Any CPU.Build.0 = Release|Any CPU
		{67F9D3A8-F71E-4428-913F-C37AE82CDB24}.AppStore|ARM.ActiveCfg = Release|Any CPU
		{67F9D3A8-F71E-4428-913F-C37AE82CDB24}.AppStore|ARM.Build.0 = Release|Any CPU
		{67F9D3A8-F71E-4428-913F-C37AE82CDB24}.AppStore|iPhone.ActiveCfg = Release|Any CPU
		{67F9D3A8-F71E-4428-913F-C37AE82CDB24}.AppStore|iPhone.Build.0 = Release|Any CPU
		{67F9D3A8-F71E-4428-913F-C37AE82CDB24}.AppStore|iPhoneSimulator.ActiveCfg = Release|Any CPU
		{67F9D3A8-F71E-4428-913F-C37AE82CDB24}.AppStore|iPhoneSimulator.Build.0 = Release|Any CPU
		{67F9D3A8-F71E-4428-913F-C37AE82CDB24}.AppStore|x64.ActiveCfg = Release|Any CPU
		{67F9D3A8-F71E-4428-913F-C37AE82CDB24}.AppStore|x64.Build.0 = Release|Any CPU
		{67F9D3A8-F71E-4428-913F-C37AE82CDB24}.AppStore|x86.ActiveCfg = Release|Any CPU
		{67F9D3A8-F71E-4428-913F-C37AE82CDB24}.AppStore|x86.Build.0 = Release|Any CPU
		{67F9D3A8-F71E-4428-913F-C37AE82CDB24}.Debug|Any CPU.ActiveCfg = Debug|Any CPU
		{67F9D3A8-F71E-4428-913F-C37AE82CDB24}.Debug|Any CPU.Build.0 = Debug|Any CPU
		{67F9D3A8-F71E-4428-913F-C37AE82CDB24}.Debug|ARM.ActiveCfg = Debug|Any CPU
		{67F9D3A8-F71E-4428-913F-C37AE82CDB24}.Debug|ARM.Build.0 = Debug|Any CPU
		{67F9D3A8-F71E-4428-913F-C37AE82CDB24}.Debug|iPhone.ActiveCfg = Debug|Any CPU
		{67F9D3A8-F71E-4428-913F-C37AE82CDB24}.Debug|iPhone.Build.0 = Debug|Any CPU
		{67F9D3A8-F71E-4428-913F-C37AE82CDB24}.Debug|iPhoneSimulator.ActiveCfg = Debug|Any CPU
		{67F9D3A8-F71E-4428-913F-C37AE82CDB24}.Debug|iPhoneSimulator.Build.0 = Debug|Any CPU
		{67F9D3A8-F71E-4428-913F-C37AE82CDB24}.Debug|x64.ActiveCfg = Debug|Any CPU
		{67F9D3A8-F71E-4428-913F-C37AE82CDB24}.Debug|x64.Build.0 = Debug|Any CPU
		{67F9D3A8-F71E-4428-913F-C37AE82CDB24}.Debug|x86.ActiveCfg = Debug|Any CPU
		{67F9D3A8-F71E-4428-913F-C37AE82CDB24}.Debug|x86.Build.0 = Debug|Any CPU
		{67F9D3A8-F71E-4428-913F-C37AE82CDB24}.Release|Any CPU.ActiveCfg = Release|Any CPU
		{67F9D3A8-F71E-4428-913F-C37AE82CDB24}.Release|Any CPU.Build.0 = Release|Any CPU
		{67F9D3A8-F71E-4428-913F-C37AE82CDB24}.Release|ARM.ActiveCfg = Release|Any CPU
		{67F9D3A8-F71E-4428-913F-C37AE82CDB24}.Release|ARM.Build.0 = Release|Any CPU
		{67F9D3A8-F71E-4428-913F-C37AE82CDB24}.Release|iPhone.ActiveCfg = Release|Any CPU
		{67F9D3A8-F71E-4428-913F-C37AE82CDB24}.Release|iPhone.Build.0 = Release|Any CPU
		{67F9D3A8-F71E-4428-913F-C37AE82CDB24}.Release|iPhoneSimulator.ActiveCfg = Release|Any CPU
		{67F9D3A8-F71E-4428-913F-C37AE82CDB24}.Release|iPhoneSimulator.Build.0 = Release|Any CPU
		{67F9D3A8-F71E-4428-913F-C37AE82CDB24}.Release|x64.ActiveCfg = Release|Any CPU
		{67F9D3A8-F71E-4428-913F-C37AE82CDB24}.Release|x64.Build.0 = Release|Any CPU
		{67F9D3A8-F71E-4428-913F-C37AE82CDB24}.Release|x86.ActiveCfg = Release|Any CPU
		{67F9D3A8-F71E-4428-913F-C37AE82CDB24}.Release|x86.Build.0 = Release|Any CPU
		{BA61DCC9-199D-49B6-9F33-A55D2618020F}.Ad-Hoc|Any CPU.ActiveCfg = Release|Any CPU
		{BA61DCC9-199D-49B6-9F33-A55D2618020F}.Ad-Hoc|Any CPU.Build.0 = Release|Any CPU
		{BA61DCC9-199D-49B6-9F33-A55D2618020F}.Ad-Hoc|ARM.ActiveCfg = Release|Any CPU
		{BA61DCC9-199D-49B6-9F33-A55D2618020F}.Ad-Hoc|ARM.Build.0 = Release|Any CPU
		{BA61DCC9-199D-49B6-9F33-A55D2618020F}.Ad-Hoc|iPhone.ActiveCfg = Release|Any CPU
		{BA61DCC9-199D-49B6-9F33-A55D2618020F}.Ad-Hoc|iPhone.Build.0 = Release|Any CPU
		{BA61DCC9-199D-49B6-9F33-A55D2618020F}.Ad-Hoc|iPhoneSimulator.ActiveCfg = Release|Any CPU
		{BA61DCC9-199D-49B6-9F33-A55D2618020F}.Ad-Hoc|iPhoneSimulator.Build.0 = Release|Any CPU
		{BA61DCC9-199D-49B6-9F33-A55D2618020F}.Ad-Hoc|x64.ActiveCfg = Release|Any CPU
		{BA61DCC9-199D-49B6-9F33-A55D2618020F}.Ad-Hoc|x64.Build.0 = Release|Any CPU
		{BA61DCC9-199D-49B6-9F33-A55D2618020F}.Ad-Hoc|x86.ActiveCfg = Release|Any CPU
		{BA61DCC9-199D-49B6-9F33-A55D2618020F}.Ad-Hoc|x86.Build.0 = Release|Any CPU
		{BA61DCC9-199D-49B6-9F33-A55D2618020F}.AppStore|Any CPU.ActiveCfg = Release|Any CPU
		{BA61DCC9-199D-49B6-9F33-A55D2618020F}.AppStore|Any CPU.Build.0 = Release|Any CPU
		{BA61DCC9-199D-49B6-9F33-A55D2618020F}.AppStore|ARM.ActiveCfg = Release|Any CPU
		{BA61DCC9-199D-49B6-9F33-A55D2618020F}.AppStore|ARM.Build.0 = Release|Any CPU
		{BA61DCC9-199D-49B6-9F33-A55D2618020F}.AppStore|iPhone.ActiveCfg = Release|Any CPU
		{BA61DCC9-199D-49B6-9F33-A55D2618020F}.AppStore|iPhone.Build.0 = Release|Any CPU
		{BA61DCC9-199D-49B6-9F33-A55D2618020F}.AppStore|iPhoneSimulator.ActiveCfg = Release|Any CPU
		{BA61DCC9-199D-49B6-9F33-A55D2618020F}.AppStore|iPhoneSimulator.Build.0 = Release|Any CPU
		{BA61DCC9-199D-49B6-9F33-A55D2618020F}.AppStore|x64.ActiveCfg = Release|Any CPU
		{BA61DCC9-199D-49B6-9F33-A55D2618020F}.AppStore|x64.Build.0 = Release|Any CPU
		{BA61DCC9-199D-49B6-9F33-A55D2618020F}.AppStore|x86.ActiveCfg = Release|Any CPU
		{BA61DCC9-199D-49B6-9F33-A55D2618020F}.AppStore|x86.Build.0 = Release|Any CPU
		{BA61DCC9-199D-49B6-9F33-A55D2618020F}.Debug|Any CPU.ActiveCfg = Debug|Any CPU
		{BA61DCC9-199D-49B6-9F33-A55D2618020F}.Debug|Any CPU.Build.0 = Debug|Any CPU
		{BA61DCC9-199D-49B6-9F33-A55D2618020F}.Debug|ARM.ActiveCfg = Debug|Any CPU
		{BA61DCC9-199D-49B6-9F33-A55D2618020F}.Debug|ARM.Build.0 = Debug|Any CPU
		{BA61DCC9-199D-49B6-9F33-A55D2618020F}.Debug|iPhone.ActiveCfg = Debug|Any CPU
		{BA61DCC9-199D-49B6-9F33-A55D2618020F}.Debug|iPhone.Build.0 = Debug|Any CPU
		{BA61DCC9-199D-49B6-9F33-A55D2618020F}.Debug|iPhoneSimulator.ActiveCfg = Debug|Any CPU
		{BA61DCC9-199D-49B6-9F33-A55D2618020F}.Debug|iPhoneSimulator.Build.0 = Debug|Any CPU
		{BA61DCC9-199D-49B6-9F33-A55D2618020F}.Debug|x64.ActiveCfg = Debug|Any CPU
		{BA61DCC9-199D-49B6-9F33-A55D2618020F}.Debug|x64.Build.0 = Debug|Any CPU
		{BA61DCC9-199D-49B6-9F33-A55D2618020F}.Debug|x86.ActiveCfg = Debug|Any CPU
		{BA61DCC9-199D-49B6-9F33-A55D2618020F}.Debug|x86.Build.0 = Debug|Any CPU
		{BA61DCC9-199D-49B6-9F33-A55D2618020F}.Release|Any CPU.ActiveCfg = Release|Any CPU
		{BA61DCC9-199D-49B6-9F33-A55D2618020F}.Release|Any CPU.Build.0 = Release|Any CPU
		{BA61DCC9-199D-49B6-9F33-A55D2618020F}.Release|ARM.ActiveCfg = Release|Any CPU
		{BA61DCC9-199D-49B6-9F33-A55D2618020F}.Release|ARM.Build.0 = Release|Any CPU
		{BA61DCC9-199D-49B6-9F33-A55D2618020F}.Release|iPhone.ActiveCfg = Release|Any CPU
		{BA61DCC9-199D-49B6-9F33-A55D2618020F}.Release|iPhone.Build.0 = Release|Any CPU
		{BA61DCC9-199D-49B6-9F33-A55D2618020F}.Release|iPhoneSimulator.ActiveCfg = Release|Any CPU
		{BA61DCC9-199D-49B6-9F33-A55D2618020F}.Release|iPhoneSimulator.Build.0 = Release|Any CPU
		{BA61DCC9-199D-49B6-9F33-A55D2618020F}.Release|x64.ActiveCfg = Release|Any CPU
		{BA61DCC9-199D-49B6-9F33-A55D2618020F}.Release|x64.Build.0 = Release|Any CPU
		{BA61DCC9-199D-49B6-9F33-A55D2618020F}.Release|x86.ActiveCfg = Release|Any CPU
		{BA61DCC9-199D-49B6-9F33-A55D2618020F}.Release|x86.Build.0 = Release|Any CPU
	EndGlobalSection
	GlobalSection(SolutionProperties) = preSolution
		HideSolutionNode = FALSE
	EndGlobalSection
EndGlobal
